Microsoft Visual Studio Solution File, Format Version 12.00
# Visual Studio Version 17
VisualStudioVersion = 17.10.35013.160
MinimumVisualStudioVersion = 10.0.40219.1
Project("{9A19103F-16F7-4668-BE54-9A1E7A4F7556}") = "P3Ribbon", "P3Ribbon\P3Ribbon.csproj", "{CDBBAD43-E90B-43E3-8CC6-0401B22FB54F}"
EndProject
Project("{B7DD6F7E-DEF8-4E67-B5B7-07EF123DB6F0}") = "P3ductbim_Installer", "P3ductbim_Installer\P3ductbim_Installer.wixproj", "{2AAB39A3-38D0-4F0B-93A2-B24F3344C95B}"
	ProjectSection(ProjectDependencies) = postProject
		{93A63545-0140-495E-A12B-1270A6862EAB} = {93A63545-0140-495E-A12B-1270A6862EAB}
	EndProjectSection
EndProject
Project("{9A19103F-16F7-4668-BE54-9A1E7A4F7556}") = "CustomAction", "CustomAction\CustomAction.csproj", "{93A63545-0140-495E-A12B-1270A6862EAB}"
EndProject
Global
	GlobalSection(SolutionConfigurationPlatforms) = preSolution
		Debug_25|Any CPU = Debug_25|Any CPU
		Debug_25|x64 = Debug_25|x64
		Debug_25|x86 = Debug_25|x86
		Rel_19_20|Any CPU = Rel_19_20|Any CPU
		Rel_19_20|x64 = Rel_19_20|x64
		Rel_19_20|x86 = Rel_19_20|x86
		Rel_21_24|Any CPU = Rel_21_24|Any CPU
		Rel_21_24|x64 = Rel_21_24|x64
		Rel_21_24|x86 = Rel_21_24|x86
		Rel_25|Any CPU = Rel_25|Any CPU
		Rel_25|x64 = Rel_25|x64
		Rel_25|x86 = Rel_25|x86
	EndGlobalSection
	GlobalSection(ProjectConfigurationPlatforms) = postSolution
		{CDBBAD43-E90B-43E3-8CC6-0401B22FB54F}.Debug_25|Any CPU.ActiveCfg = Debug_25|Any CPU
		{CDBBAD43-E90B-43E3-8CC6-0401B22FB54F}.Debug_25|Any CPU.Build.0 = Debug_25|Any CPU
		{CDBBAD43-E90B-43E3-8CC6-0401B22FB54F}.Debug_25|x64.ActiveCfg = Debug_25|Any CPU
		{CDBBAD43-E90B-43E3-8CC6-0401B22FB54F}.Debug_25|x64.Build.0 = Debug_25|Any CPU
		{CDBBAD43-E90B-43E3-8CC6-0401B22FB54F}.Debug_25|x86.ActiveCfg = Debug_25|Any CPU
		{CDBBAD43-E90B-43E3-8CC6-0401B22FB54F}.Debug_25|x86.Build.0 = Debug_25|Any CPU
		{CDBBAD43-E90B-43E3-8CC6-0401B22FB54F}.Rel_19_20|Any CPU.ActiveCfg = Rel_19_20|Any CPU
		{CDBBAD43-E90B-43E3-8CC6-0401B22FB54F}.Rel_19_20|Any CPU.Build.0 = Rel_19_20|Any CPU
		{CDBBAD43-E90B-43E3-8CC6-0401B22FB54F}.Rel_19_20|x64.ActiveCfg = Rel_19_20|Any CPU
		{CDBBAD43-E90B-43E3-8CC6-0401B22FB54F}.Rel_19_20|x64.Build.0 = Rel_19_20|Any CPU
		{CDBBAD43-E90B-43E3-8CC6-0401B22FB54F}.Rel_19_20|x86.ActiveCfg = Rel_19_20|Any CPU
		{CDBBAD43-E90B-43E3-8CC6-0401B22FB54F}.Rel_19_20|x86.Build.0 = Rel_19_20|Any CPU
		{CDBBAD43-E90B-43E3-8CC6-0401B22FB54F}.Rel_21_24|Any CPU.ActiveCfg = Rel_21_24|Any CPU
		{CDBBAD43-E90B-43E3-8CC6-0401B22FB54F}.Rel_21_24|Any CPU.Build.0 = Rel_21_24|Any CPU
		{CDBBAD43-E90B-43E3-8CC6-0401B22FB54F}.Rel_21_24|x64.ActiveCfg = Rel_21_24|Any CPU
		{CDBBAD43-E90B-43E3-8CC6-0401B22FB54F}.Rel_21_24|x64.Build.0 = Rel_21_24|Any CPU
		{CDBBAD43-E90B-43E3-8CC6-0401B22FB54F}.Rel_21_24|x86.ActiveCfg = Rel_21_24|Any CPU
		{CDBBAD43-E90B-43E3-8CC6-0401B22FB54F}.Rel_21_24|x86.Build.0 = Rel_21_24|Any CPU
		{CDBBAD43-E90B-43E3-8CC6-0401B22FB54F}.Rel_25|Any CPU.ActiveCfg = Rel_25|Any CPU
		{CDBBAD43-E90B-43E3-8CC6-0401B22FB54F}.Rel_25|Any CPU.Build.0 = Rel_25|Any CPU
		{CDBBAD43-E90B-43E3-8CC6-0401B22FB54F}.Rel_25|x64.ActiveCfg = Rel_25|Any CPU
		{CDBBAD43-E90B-43E3-8CC6-0401B22FB54F}.Rel_25|x64.Build.0 = Rel_25|Any CPU
		{CDBBAD43-E90B-43E3-8CC6-0401B22FB54F}.Rel_25|x86.ActiveCfg = Rel_25|Any CPU
		{CDBBAD43-E90B-43E3-8CC6-0401B22FB54F}.Rel_25|x86.Build.0 = Rel_25|Any CPU
		{2AAB39A3-38D0-4F0B-93A2-B24F3344C95B}.Debug_25|Any CPU.ActiveCfg = Debug|x64
		{2AAB39A3-38D0-4F0B-93A2-B24F3344C95B}.Debug_25|x64.ActiveCfg = Debug|x64
		{2AAB39A3-38D0-4F0B-93A2-B24F3344C95B}.Debug_25|x64.Build.0 = Debug|x64
		{2AAB39A3-38D0-4F0B-93A2-B24F3344C95B}.Debug_25|x86.ActiveCfg = Debug|x86
		{2AAB39A3-38D0-4F0B-93A2-B24F3344C95B}.Debug_25|x86.Build.0 = Debug|x86
		{2AAB39A3-38D0-4F0B-93A2-B24F3344C95B}.Rel_19_20|Any CPU.ActiveCfg = Release|x64
		{2AAB39A3-38D0-4F0B-93A2-B24F3344C95B}.Rel_19_20|x64.ActiveCfg = Rel_19_20|x86
		{2AAB39A3-38D0-4F0B-93A2-B24F3344C95B}.Rel_19_20|x64.Build.0 = Rel_19_20|x86
		{2AAB39A3-38D0-4F0B-93A2-B24F3344C95B}.Rel_19_20|x86.ActiveCfg = Rel_19_20|x86
		{2AAB39A3-38D0-4F0B-93A2-B24F3344C95B}.Rel_19_20|x86.Build.0 = Rel_19_20|x86
		{2AAB39A3-38D0-4F0B-93A2-B24F3344C95B}.Rel_21_24|Any CPU.ActiveCfg = Release|x64
		{2AAB39A3-38D0-4F0B-93A2-B24F3344C95B}.Rel_21_24|x64.ActiveCfg = Rel_21_24|x86
		{2AAB39A3-38D0-4F0B-93A2-B24F3344C95B}.Rel_21_24|x64.Build.0 = Rel_21_24|x86
		{2AAB39A3-38D0-4F0B-93A2-B24F3344C95B}.Rel_21_24|x86.ActiveCfg = Rel_21_24|x86
		{2AAB39A3-38D0-4F0B-93A2-B24F3344C95B}.Rel_21_24|x86.Build.0 = Rel_21_24|x86
		{2AAB39A3-38D0-4F0B-93A2-B24F3344C95B}.Rel_25|Any CPU.ActiveCfg = Release|x64
		{2AAB39A3-38D0-4F0B-93A2-B24F3344C95B}.Rel_25|x64.ActiveCfg = Rel_25|x86
		{2AAB39A3-38D0-4F0B-93A2-B24F3344C95B}.Rel_25|x64.Build.0 = Rel_25|x86
		{2AAB39A3-38D0-4F0B-93A2-B24F3344C95B}.Rel_25|x86.ActiveCfg = Rel_25|x86
		{2AAB39A3-38D0-4F0B-93A2-B24F3344C95B}.Rel_25|x86.Build.0 = Rel_25|x86
		{93A63545-0140-495E-A12B-1270A6862EAB}.Debug_25|Any CPU.ActiveCfg = Release|Any CPU
		{93A63545-0140-495E-A12B-1270A6862EAB}.Debug_25|x64.ActiveCfg = Release|Any CPU
		{93A63545-0140-495E-A12B-1270A6862EAB}.Debug_25|x86.ActiveCfg = Debug|x86
		{93A63545-0140-495E-A12B-1270A6862EAB}.Debug_25|x86.Build.0 = Debug|x86
		{93A63545-0140-495E-A12B-1270A6862EAB}.Rel_19_20|Any CPU.ActiveCfg = Rel_19_20|x86
		{93A63545-0140-495E-A12B-1270A6862EAB}.Rel_19_20|x64.ActiveCfg = Rel_19_20|Any CPU
		{93A63545-0140-495E-A12B-1270A6862EAB}.Rel_19_20|x64.Build.0 = Rel_19_20|Any CPU
		{93A63545-0140-495E-A12B-1270A6862EAB}.Rel_19_20|x86.ActiveCfg = Rel_19_20|x86
		{93A63545-0140-495E-A12B-1270A6862EAB}.Rel_19_20|x86.Build.0 = Rel_19_20|x86
		{93A63545-0140-495E-A12B-1270A6862EAB}.Rel_21_24|Any CPU.ActiveCfg = Rel_21_24|Any CPU
		{93A63545-0140-495E-A12B-1270A6862EAB}.Rel_21_24|x64.ActiveCfg = Rel_21_24|Any CPU
		{93A63545-0140-495E-A12B-1270A6862EAB}.Rel_21_24|x64.Build.0 = Rel_21_24|Any CPU
		{93A63545-0140-495E-A12B-1270A6862EAB}.Rel_21_24|x86.ActiveCfg = Rel_21_24|Any CPU
		{93A63545-0140-495E-A12B-1270A6862EAB}.Rel_21_24|x86.Build.0 = Rel_21_24|Any CPU
		{93A63545-0140-495E-A12B-1270A6862EAB}.Rel_25|Any CPU.ActiveCfg = Rel_25|x86
		{93A63545-0140-495E-A12B-1270A6862EAB}.Rel_25|x64.ActiveCfg = Rel_25|x86
		{93A63545-0140-495E-A12B-1270A6862EAB}.Rel_25|x64.Build.0 = Rel_25|x86
		{93A63545-0140-495E-A12B-1270A6862EAB}.Rel_25|x86.ActiveCfg = Rel_25|x86
		{93A63545-0140-495E-A12B-1270A6862EAB}.Rel_25|x86.Build.0 = Rel_25|x86
	EndGlobalSection
	GlobalSection(SolutionProperties) = preSolution
		HideSolutionNode = FALSE
	EndGlobalSection
	GlobalSection(ExtensibilityGlobals) = postSolution
		SolutionGuid = {307E9CF8-944F-400C-B3ED-367C990F5B4E}
	EndGlobalSection
EndGlobal
